{
  "lib/evm-m-extensions": {
    "rev": "a578136c47cb881c1cace33385a948f6513ef64d"
  },
  "lib/forge-std": {
    "branch": {
      "name": "v1",
      "rev": "1801b0541f4fda118a10798fd3486bb7051c5dd6"
    }
  },
  "lib/uniswap-v4-periphery": {
    "rev": "5da22e609fd78c01fb7ddf2a6abb1f2ec7dc2b87"
  }
}