{
  "lib/evm-m-extensions": {
    "branch": {
      "name": "proto-890-use-solidity-0834",
      "rev": "7573cf94c4363b6ab6ca2eb35aa5d7e0d4dd86a1"
    }
  },
  "lib/forge-std": {
    "branch": {
      "name": "v1",
      "rev": "1801b0541f4fda118a10798fd3486bb7051c5dd6"
    }
  },
  "lib/uniswap-v4-periphery": {
    "rev": "5da22e609fd78c01fb7ddf2a6abb1f2ec7dc2b87"
  }
}