{
  "lib/evm-m-extensions": {
    "branch": {
      "name": "proto-921-add-freezable-to-proxy-beacon",
      "rev": "8e8aea5f322011f4bf1d1a571a18f8195d0fea4b"
    }
  },
  "lib/forge-std": {
    "branch": {
      "name": "v1",
      "rev": "0844d7e1fc5e60d77b68e469bff60265f236c398"
    }
  },
  "lib/uniswap-v4-periphery": {
    "rev": "5da22e609fd78c01fb7ddf2a6abb1f2ec7dc2b87"
  }
}